
Microsoft Visual Studio Solution File, Format Version 12.00
# Visual Studio Version 17
VisualStudioVersion = 17.0.32014.148
MinimumVisualStudioVersion = 10.0.40219.1
Project("{FAE04EC0-301F-11D3-BF4B-00C04F79EFBC}") = "EFCoreWebAPIEntityReview", "EFCoreWebAPIEntityReview\EFCoreWebAPIEntityReview.csproj", "{5C825443-32F9-4031-86C3-576277C98659}"
EndProject
Global
	GlobalSection(SolutionConfigurationPlatforms) = preSolution
		Debug|Any CPU = Debug|Any CPU
		Release|Any CPU = Release|Any CPU
	EndGlobalSection
	GlobalSection(ProjectConfigurationPlatforms) = postSolution
		{5C825443-32F9-4031-86C3-576277C98659}.Debug|Any CPU.ActiveCfg = Debug|Any CPU
		{5C825443-32F9-4031-86C3-576277C98659}.Debug|Any CPU.Build.0 = Debug|Any CPU
		{5C825443-32F9-4031-86C3-576277C98659}.Release|Any CPU.ActiveCfg = Release|Any CPU
		{5C825443-32F9-4031-86C3-576277C98659}.Release|Any CPU.Build.0 = Release|Any CPU
	EndGlobalSection
	GlobalSection(SolutionProperties) = preSolution
		HideSolutionNode = FALSE
	EndGlobalSection
	GlobalSection(ExtensibilityGlobals) = postSolution
		SolutionGuid = {E66E2424-1217-4F6F-AF3E-8E5742AED710}
	EndGlobalSection
EndGlobal
